<?xml version="1.0" encoding="UTF-8"?>
<Solution>
	<Configurations>
		<BuildType Name="Debug"/>
		<BuildType Name="Release"/>
		<BuildType Name="MinSizeRel"/>
		<BuildType Name="RelWithDebInfo"/>
		<Platform Name="x64"/>
	</Configurations>
	<Project Path="ALL_BUILD.vcxproj" Type="8bc9ceb8-8b4a-11d0-8d11-00a0c91bc942" Id="8d656074-cecb-308c-8c63-0b809ae84dda" DefaultStartup="true">
		<BuildDependency Project="ZERO_CHECK.vcxproj"/>
		<BuildDependency Project="client-native.vcxproj"/>
		<BuildDependency Project="game_core.vcxproj"/>
		<BuildDependency Project="level-editor.vcxproj"/>
		<Build Solution="Debug|*" Project="false"/>
		<Build Solution="Release|*" Project="false"/>
		<Build Solution="MinSizeRel|*" Project="false"/>
		<Build Solution="RelWithDebInfo|*" Project="false"/>
	</Project>
	<Project Path="ZERO_CHECK.vcxproj" Type="8bc9ceb8-8b4a-11d0-8d11-00a0c91bc942" Id="db9848c2-e36f-3b65-a8f5-83da8ffa813e"/>
	<Project Path="client-native.vcxproj" Type="8bc9ceb8-8b4a-11d0-8d11-00a0c91bc942" Id="217d93a6-9154-3915-8ecc-6d0f5dae51d4">
		<BuildDependency Project="ZERO_CHECK.vcxproj"/>
		<BuildDependency Project="game_core.vcxproj"/>
	</Project>
	<Project Path="game_core.vcxproj" Type="8bc9ceb8-8b4a-11d0-8d11-00a0c91bc942" Id="c6055976-b9b8-3796-83a8-bc3fb3f1c8c6">
		<BuildDependency Project="ZERO_CHECK.vcxproj"/>
	</Project>
	<Project Path="level-editor.vcxproj" Type="8bc9ceb8-8b4a-11d0-8d11-00a0c91bc942" Id="59383553-afe8-3534-90c5-41797b396005">
		<BuildDependency Project="ZERO_CHECK.vcxproj"/>
		<BuildDependency Project="game_core.vcxproj"/>
	</Project>
</Solution>
