<?xml version="1.0" encoding="utf-8"?>
<Project ToolsVersion="18.0" xmlns="http://schemas.microsoft.com/developer/msbuild/2003">
  <ItemGroup>
    <CustomBuild Include="C:\Users\alexa\Documents\Claude Games\OSRS Prototype\client-native\build-production\CMakeFiles\5499fbc1dc45efb76701239234691a66\generate.stamp.rule">
      <Filter>CMake Rules</Filter>
    </CustomBuild>
  </ItemGroup>
  <ItemGroup>
    <Filter Include="CMake Rules">
      <UniqueIdentifier>{D784FBDD-864B-3741-937B-B644256D6D39}</UniqueIdentifier>
    </Filter>
  </ItemGroup>
</Project>
